Microsoft Visual Studio Solution File, Format Version 11.00
# Visual Studio 2008

Project("{8606D6A4-AA83-4A9D-F8E6-675C99539FBA}") = "ScaryGameV2", "Assembly-CSharp-firstpass.csproj", "{0E1A7292-FDD8-2D33-88C9-AB6A5F57E503}"
EndProject
Project("{8606D6A4-AA83-4A9D-F8E6-675C99539FBA}") = "ScaryGameV2", "Assembly-CSharp.csproj", "{35881185-370A-3768-09F1-B8A820A0EE94}"
EndProject
Project("{8606D6A4-AA83-4A9D-F8E6-675C99539FBA}") = "ScaryGameV2", "Assembly-CSharp-Editor.csproj", "{A82312F0-9A7A-27CB-7CCD-E3FC611A480F}"
EndProject
Project("{8606D6A4-AA83-4A9D-F8E6-675C99539FBA}") = "ScaryGameV2", "Assembly-UnityScript-firstpass.unityproj", "{79086F75-356D-EAC5-37EE-7825C846C07B}"
EndProject
Project("{8606D6A4-AA83-4A9D-F8E6-675C99539FBA}") = "ScaryGameV2", "Assembly-UnityScript.unityproj", "{FC908620-2C05-DB98-4077-08088C4504EF}"
EndProject
Global
	GlobalSection(SolutionConfigurationPlatforms) = preSolution
		Debug|Any CPU = Debug|Any CPU
		Release|Any CPU = Release|Any CPU
	EndGlobalSection
	GlobalSection(ProjectConfigurationPlatforms) = postSolution
		{0E1A7292-FDD8-2D33-88C9-AB6A5F57E503}.Debug|Any CPU.ActiveCfg = Debug|Any CPU
		{0E1A7292-FDD8-2D33-88C9-AB6A5F57E503}.Debug|Any CPU.Build.0 = Debug|Any CPU
		{0E1A7292-FDD8-2D33-88C9-AB6A5F57E503}.Release|Any CPU.ActiveCfg = Release|Any CPU
		{0E1A7292-FDD8-2D33-88C9-AB6A5F57E503}.Release|Any CPU.Build.0 = Release|Any CPU
		{35881185-370A-3768-09F1-B8A820A0EE94}.Debug|Any CPU.ActiveCfg = Debug|Any CPU
		{35881185-370A-3768-09F1-B8A820A0EE94}.Debug|Any CPU.Build.0 = Debug|Any CPU
		{35881185-370A-3768-09F1-B8A820A0EE94}.Release|Any CPU.ActiveCfg = Release|Any CPU
		{35881185-370A-3768-09F1-B8A820A0EE94}.Release|Any CPU.Build.0 = Release|Any CPU
		{A82312F0-9A7A-27CB-7CCD-E3FC611A480F}.Debug|Any CPU.ActiveCfg = Debug|Any CPU
		{A82312F0-9A7A-27CB-7CCD-E3FC611A480F}.Debug|Any CPU.Build.0 = Debug|Any CPU
		{A82312F0-9A7A-27CB-7CCD-E3FC611A480F}.Release|Any CPU.ActiveCfg = Release|Any CPU
		{A82312F0-9A7A-27CB-7CCD-E3FC611A480F}.Release|Any CPU.Build.0 = Release|Any CPU
		{79086F75-356D-EAC5-37EE-7825C846C07B}.Debug|Any CPU.ActiveCfg = Debug|Any CPU
		{79086F75-356D-EAC5-37EE-7825C846C07B}.Debug|Any CPU.Build.0 = Debug|Any CPU
		{79086F75-356D-EAC5-37EE-7825C846C07B}.Release|Any CPU.ActiveCfg = Release|Any CPU
		{79086F75-356D-EAC5-37EE-7825C846C07B}.Release|Any CPU.Build.0 = Release|Any CPU
		{FC908620-2C05-DB98-4077-08088C4504EF}.Debug|Any CPU.ActiveCfg = Debug|Any CPU
		{FC908620-2C05-DB98-4077-08088C4504EF}.Debug|Any CPU.Build.0 = Debug|Any CPU
		{FC908620-2C05-DB98-4077-08088C4504EF}.Release|Any CPU.ActiveCfg = Release|Any CPU
		{FC908620-2C05-DB98-4077-08088C4504EF}.Release|Any CPU.Build.0 = Release|Any CPU
	EndGlobalSection
	GlobalSection(SolutionProperties) = preSolution
		HideSolutionNode = FALSE
	EndGlobalSection
																																																																																		GlobalSection(MonoDevelopProperties) = preSolution
		StartupItem = Assembly-CSharp.csproj
		Policies = $0
		$0.TextStylePolicy = $1
		$1.inheritsSet = null
		$1.scope = text/x-csharp
		$0.CSharpFormattingPolicy = $2
		$2.inheritsSet = Mono
		$2.inheritsScope = text/x-csharp
		$2.scope = text/x-csharp
		$0.TextStylePolicy = $3
		$3.FileWidth = 120
		$3.TabWidth = 4
		$3.EolMarker = Unix
		$3.inheritsSet = Mono
		$3.inheritsScope = text/plain
		$3.scope = text/plain
	EndGlobalSection

EndGlobal
